
Microsoft Visual Studio Solution File, Format Version 12.00
# Visual Studio Version 17
VisualStudioVersion = 17.3.32901.215
MinimumVisualStudioVersion = 10.0.40219.1
Project("{FAE04EC0-301F-11D3-BF4B-00C04F79EFBC}") = "Projekat", "Projekat\Projekat.csproj", "{B15F3495-643D-4B83-8346-14D3432ACD9D}"
EndProject
Global
	GlobalSection(SolutionConfigurationPlatforms) = preSolution
		Debug|Any CPU = Debug|Any CPU
		Release|Any CPU = Release|Any CPU
	EndGlobalSection
	GlobalSection(ProjectConfigurationPlatforms) = postSolution
		{B15F3495-643D-4B83-8346-14D3432ACD9D}.Debug|Any CPU.ActiveCfg = Debug|Any CPU
		{B15F3495-643D-4B83-8346-14D3432ACD9D}.Debug|Any CPU.Build.0 = Debug|Any CPU
		{B15F3495-643D-4B83-8346-14D3432ACD9D}.Release|Any CPU.ActiveCfg = Release|Any CPU
		{B15F3495-643D-4B83-8346-14D3432ACD9D}.Release|Any CPU.Build.0 = Release|Any CPU
	EndGlobalSection
	GlobalSection(SolutionProperties) = preSolution
		HideSolutionNode = FALSE
	EndGlobalSection
	GlobalSection(ExtensibilityGlobals) = postSolution
		SolutionGuid = {6AEA8D3B-35F8-4A32-B698-36096BDE7F2E}
	EndGlobalSection
EndGlobal
